
Microsoft Visual Studio Solution File, Format Version 12.00
# Visual Studio Version 17
VisualStudioVersion = 17.4.33213.308
MinimumVisualStudioVersion = 10.0.40219.1
Project("{FAE04EC0-301F-11D3-BF4B-00C04F79EFBC}") = "Tarnasi", "Tarnasi\Tarnasi.csproj", "{B3AE975F-A9FB-40C3-89DC-8C27FBE30921}"
EndProject
Global
	GlobalSection(SolutionConfigurationPlatforms) = preSolution
		Debug|Any CPU = Debug|Any CPU
		Release|Any CPU = Release|Any CPU
	EndGlobalSection
	GlobalSection(ProjectConfigurationPlatforms) = postSolution
		{B3AE975F-A9FB-40C3-89DC-8C27FBE30921}.Debug|Any CPU.ActiveCfg = Debug|Any CPU
		{B3AE975F-A9FB-40C3-89DC-8C27FBE30921}.Debug|Any CPU.Build.0 = Debug|Any CPU
		{B3AE975F-A9FB-40C3-89DC-8C27FBE30921}.Release|Any CPU.ActiveCfg = Release|Any CPU
		{B3AE975F-A9FB-40C3-89DC-8C27FBE30921}.Release|Any CPU.Build.0 = Release|Any CPU
	EndGlobalSection
	GlobalSection(SolutionProperties) = preSolution
		HideSolutionNode = FALSE
	EndGlobalSection
	GlobalSection(ExtensibilityGlobals) = postSolution
		SolutionGuid = {36220D60-3D9D-456F-A381-EF75BEEFD26D}
	EndGlobalSection
EndGlobal
